
Microsoft Visual Studio Solution File, Format Version 12.00
# Visual Studio 14
VisualStudioVersion = 14.0.25420.1
MinimumVisualStudioVersion = 10.0.40219.1
Project("{FAE04EC0-301F-11D3-BF4B-00C04F79EFBC}") = "CB.ConsumoWCF.Esquemas", "CB.ConsumoWCF.Esquemas\CB.ConsumoWCF.Esquemas.btproj", "{80512276-C041-44D6-A0C4-1EAAEF0979FD}"
EndProject
Project("{FAE04EC0-301F-11D3-BF4B-00C04F79EFBC}") = "CB.ConsumoWCF.Mapas", "CB.ConsumoWCF.Mapas\CB.ConsumoWCF.Mapas.btproj", "{1CFAE9CA-86F2-4761-AE26-22BF9CDFEDF4}"
EndProject
Project("{FAE04EC0-301F-11D3-BF4B-00C04F79EFBC}") = "CB.ConsumoWCF.Orquestaciones", "CB.ConsumoWCF.Orquestaciones\CB.ConsumoWCF.Orquestaciones.btproj", "{C27C7103-CCDC-433C-9AC3-7FED8719B562}"
EndProject
Global
	GlobalSection(SolutionConfigurationPlatforms) = preSolution
		Debug|Any CPU = Debug|Any CPU
		Release|Any CPU = Release|Any CPU
	EndGlobalSection
	GlobalSection(ProjectConfigurationPlatforms) = postSolution
		{80512276-C041-44D6-A0C4-1EAAEF0979FD}.Debug|Any CPU.ActiveCfg = Debug|Any CPU
		{80512276-C041-44D6-A0C4-1EAAEF0979FD}.Debug|Any CPU.Build.0 = Debug|Any CPU
		{80512276-C041-44D6-A0C4-1EAAEF0979FD}.Debug|Any CPU.Deploy.0 = Debug|Any CPU
		{80512276-C041-44D6-A0C4-1EAAEF0979FD}.Release|Any CPU.ActiveCfg = Release|Any CPU
		{80512276-C041-44D6-A0C4-1EAAEF0979FD}.Release|Any CPU.Build.0 = Release|Any CPU
		{80512276-C041-44D6-A0C4-1EAAEF0979FD}.Release|Any CPU.Deploy.0 = Release|Any CPU
		{1CFAE9CA-86F2-4761-AE26-22BF9CDFEDF4}.Debug|Any CPU.ActiveCfg = Debug|Any CPU
		{1CFAE9CA-86F2-4761-AE26-22BF9CDFEDF4}.Debug|Any CPU.Build.0 = Debug|Any CPU
		{1CFAE9CA-86F2-4761-AE26-22BF9CDFEDF4}.Debug|Any CPU.Deploy.0 = Debug|Any CPU
		{1CFAE9CA-86F2-4761-AE26-22BF9CDFEDF4}.Release|Any CPU.ActiveCfg = Release|Any CPU
		{1CFAE9CA-86F2-4761-AE26-22BF9CDFEDF4}.Release|Any CPU.Build.0 = Release|Any CPU
		{1CFAE9CA-86F2-4761-AE26-22BF9CDFEDF4}.Release|Any CPU.Deploy.0 = Release|Any CPU
		{C27C7103-CCDC-433C-9AC3-7FED8719B562}.Debug|Any CPU.ActiveCfg = Debug|Any CPU
		{C27C7103-CCDC-433C-9AC3-7FED8719B562}.Debug|Any CPU.Build.0 = Debug|Any CPU
		{C27C7103-CCDC-433C-9AC3-7FED8719B562}.Debug|Any CPU.Deploy.0 = Debug|Any CPU
		{C27C7103-CCDC-433C-9AC3-7FED8719B562}.Release|Any CPU.ActiveCfg = Release|Any CPU
		{C27C7103-CCDC-433C-9AC3-7FED8719B562}.Release|Any CPU.Build.0 = Release|Any CPU
		{C27C7103-CCDC-433C-9AC3-7FED8719B562}.Release|Any CPU.Deploy.0 = Release|Any CPU
	EndGlobalSection
	GlobalSection(SolutionProperties) = preSolution
		HideSolutionNode = FALSE
	EndGlobalSection
EndGlobal
